
Microsoft Visual Studio Solution File, Format Version 12.00
# Visual Studio Version 17
VisualStudioVersion = 17.0.31612.314
MinimumVisualStudioVersion = 10.0.40219.1
Project("{9A19103F-16F7-4668-BE54-9A1E7A4F7556}") = "MSSQL_Core_App", "EF_BeaversLife\MSSQL_Core_App.csproj", "{6B9E9449-E2C6-49A8-99A5-1C8ACB0F7405}"
EndProject
Project("{9A19103F-16F7-4668-BE54-9A1E7A4F7556}") = "MSSQL_Core_Lib", "CoreLib_Common\MSSQL_Core_Lib.csproj", "{5E13DFF7-CD36-4CD6-B3B6-FF489A9A51E7}"
EndProject
Project("{FAE04EC0-301F-11D3-BF4B-00C04F79EFBC}") = "MSSQL_Framework_Lib", "FrameworkLib_Common\MSSQL_Framework_Lib.csproj", "{4B00E9CE-FE51-4222-ADED-755E83F0CB70}"
EndProject
Project("{FAE04EC0-301F-11D3-BF4B-00C04F79EFBC}") = "MSSQL_Framework_App", "EF_BeaversLife_Framework\MSSQL_Framework_App.csproj", "{128A6572-F3EE-4263-9E3B-CD46D10A9D1D}"
EndProject
Project("{778DAE3C-4631-46EA-AA77-85C1314464D9}") = "VBLib_Common", "VBLib_Common\VBLib_Common.vbproj", "{8AA16203-91CA-4E3D-BEDA-0C45BC15AD1E}"
EndProject
Project("{778DAE3C-4631-46EA-AA77-85C1314464D9}") = "VB_App", "VB_App\VB_App.vbproj", "{31C036CC-6211-4983-A11F-F56B664DEA6E}"
EndProject
Project("{9A19103F-16F7-4668-BE54-9A1E7A4F7556}") = "MSSQL_Multi_Lib", "CoteMultiLib\MSSQL_Multi_Lib.csproj", "{23E74E90-F14E-471D-8E94-1EFCFF92FA82}"
EndProject
Project("{9A19103F-16F7-4668-BE54-9A1E7A4F7556}") = "MSSQL_Multi_App", "MultiApp\MSSQL_Multi_App.csproj", "{8D5EE17E-426B-4E05-BBA0-B9FBCD3636B7}"
EndProject
Project("{9A19103F-16F7-4668-BE54-9A1E7A4F7556}") = "Blazor", "Blazor\Blazor.csproj", "{312C59CF-E752-4EA3-A16B-4DD69111600D}"
EndProject
Project("{2150E333-8FDC-42A3-9474-1A3956D46DE8}") = "MSSQL", "MSSQL", "{415D6FDE-1294-4DFA-BCF3-02DCE1C872FD}"
EndProject
Project("{2150E333-8FDC-42A3-9474-1A3956D46DE8}") = "MySQL", "MySQL", "{66EABDC0-9445-47E9-9214-50034BA24653}"
EndProject
Project("{2150E333-8FDC-42A3-9474-1A3956D46DE8}") = "Playground", "Playground", "{228D0E5C-B962-4E76-BD61-65714B4FFCD7}"
EndProject
Project("{9A19103F-16F7-4668-BE54-9A1E7A4F7556}") = "MySQL_Core_Lib", "MySQL_Core_Lib\MySQL_Core_Lib.csproj", "{13A0A274-584C-4648-B0E7-AF6F61703AF7}"
EndProject
Project("{9A19103F-16F7-4668-BE54-9A1E7A4F7556}") = "MySQL_Core_App", "MySQL_Core_App\MySQL_Core_App.csproj", "{1BE82023-3CB0-4B87-BB40-A2D06C40477F}"
EndProject
Project("{2150E333-8FDC-42A3-9474-1A3956D46DE8}") = "CodeSnippets", "CodeSnippets", "{39A336DF-2299-4921-AFA5-B8C92146DC18}"
	ProjectSection(SolutionItems) = preProject
		ef_method.snippet = ef_method.snippet
		ef_method_async.snippet = ef_method_async.snippet
		print.snippet = print.snippet
		print_format.snippet = print_format.snippet
	EndProjectSection
EndProject
Project("{2150E333-8FDC-42A3-9474-1A3956D46DE8}") = "Solution Items", "Solution Items", "{12D64014-D77F-4ED5-B60E-4D8E0FBC9D74}"
	ProjectSection(SolutionItems) = preProject
		.editorconfig = .editorconfig
	EndProjectSection
EndProject
Project("{9A19103F-16F7-4668-BE54-9A1E7A4F7556}") = "DB_First_Core_Lib", "DB_First_Core_Lib\DB_First_Core_Lib.csproj", "{E324B86B-94AE-40C2-971F-BA6FF425D1E0}"
EndProject
Project("{9A19103F-16F7-4668-BE54-9A1E7A4F7556}") = "DB_First_Core_App", "DB_First_Core_App\DB_First_Core_App.csproj", "{A4A13E01-6773-49B7-9AF1-93F16D4A8A99}"
EndProject
Project("{FAE04EC0-301F-11D3-BF4B-00C04F79EFBC}") = "DB_First_Framework_App", "DB_First_Framework_App\DB_First_Framework_App.csproj", "{3D9912FB-995A-420A-9173-9ECB8F12054D}"
EndProject
Project("{FAE04EC0-301F-11D3-BF4B-00C04F79EFBC}") = "DB_First_Framework_Lib", "DB_First_Framework_Lib\DB_First_Framework_Lib.csproj", "{F225C6A5-FA2E-4100-9671-8B721DCCCC88}"
EndProject
Project("{2150E333-8FDC-42A3-9474-1A3956D46DE8}") = "232", "232", "{F8BFE153-8C29-464A-B3FF-39ACA0C3CCD7}"
EndProject
Project("{FAE04EC0-301F-11D3-BF4B-00C04F79EFBC}") = "MSSQL_CodeFirst_School", "MSSQL_CodeFirst_School\MSSQL_CodeFirst_School.csproj", "{CC0B0D48-3CC3-4ACB-8F56-ED493B3D7779}"
EndProject
Project("{FAE04EC0-301F-11D3-BF4B-00C04F79EFBC}") = "MSSQL_Core_App", "MSSQL_Core_App\MSSQL_Core_App.csproj", "{8A328284-F541-4030-A2D4-672FE12B74C8}"
EndProject
Global
	GlobalSection(SolutionConfigurationPlatforms) = preSolution
		Debug|Any CPU = Debug|Any CPU
		Release|Any CPU = Release|Any CPU
	EndGlobalSection
	GlobalSection(ProjectConfigurationPlatforms) = postSolution
		{6B9E9449-E2C6-49A8-99A5-1C8ACB0F7405}.Debug|Any CPU.ActiveCfg = Debug|Any CPU
		{6B9E9449-E2C6-49A8-99A5-1C8ACB0F7405}.Debug|Any CPU.Build.0 = Debug|Any CPU
		{6B9E9449-E2C6-49A8-99A5-1C8ACB0F7405}.Release|Any CPU.ActiveCfg = Release|Any CPU
		{6B9E9449-E2C6-49A8-99A5-1C8ACB0F7405}.Release|Any CPU.Build.0 = Release|Any CPU
		{5E13DFF7-CD36-4CD6-B3B6-FF489A9A51E7}.Debug|Any CPU.ActiveCfg = Debug|Any CPU
		{5E13DFF7-CD36-4CD6-B3B6-FF489A9A51E7}.Debug|Any CPU.Build.0 = Debug|Any CPU
		{5E13DFF7-CD36-4CD6-B3B6-FF489A9A51E7}.Release|Any CPU.ActiveCfg = Release|Any CPU
		{5E13DFF7-CD36-4CD6-B3B6-FF489A9A51E7}.Release|Any CPU.Build.0 = Release|Any CPU
		{4B00E9CE-FE51-4222-ADED-755E83F0CB70}.Debug|Any CPU.ActiveCfg = Debug|Any CPU
		{4B00E9CE-FE51-4222-ADED-755E83F0CB70}.Debug|Any CPU.Build.0 = Debug|Any CPU
		{4B00E9CE-FE51-4222-ADED-755E83F0CB70}.Release|Any CPU.ActiveCfg = Release|Any CPU
		{4B00E9CE-FE51-4222-ADED-755E83F0CB70}.Release|Any CPU.Build.0 = Release|Any CPU
		{128A6572-F3EE-4263-9E3B-CD46D10A9D1D}.Debug|Any CPU.ActiveCfg = Debug|Any CPU
		{128A6572-F3EE-4263-9E3B-CD46D10A9D1D}.Debug|Any CPU.Build.0 = Debug|Any CPU
		{128A6572-F3EE-4263-9E3B-CD46D10A9D1D}.Release|Any CPU.ActiveCfg = Release|Any CPU
		{128A6572-F3EE-4263-9E3B-CD46D10A9D1D}.Release|Any CPU.Build.0 = Release|Any CPU
		{8AA16203-91CA-4E3D-BEDA-0C45BC15AD1E}.Debug|Any CPU.ActiveCfg = Debug|Any CPU
		{8AA16203-91CA-4E3D-BEDA-0C45BC15AD1E}.Debug|Any CPU.Build.0 = Debug|Any CPU
		{8AA16203-91CA-4E3D-BEDA-0C45BC15AD1E}.Release|Any CPU.ActiveCfg = Release|Any CPU
		{8AA16203-91CA-4E3D-BEDA-0C45BC15AD1E}.Release|Any CPU.Build.0 = Release|Any CPU
		{31C036CC-6211-4983-A11F-F56B664DEA6E}.Debug|Any CPU.ActiveCfg = Debug|Any CPU
		{31C036CC-6211-4983-A11F-F56B664DEA6E}.Debug|Any CPU.Build.0 = Debug|Any CPU
		{31C036CC-6211-4983-A11F-F56B664DEA6E}.Release|Any CPU.ActiveCfg = Release|Any CPU
		{31C036CC-6211-4983-A11F-F56B664DEA6E}.Release|Any CPU.Build.0 = Release|Any CPU
		{23E74E90-F14E-471D-8E94-1EFCFF92FA82}.Debug|Any CPU.ActiveCfg = Debug|Any CPU
		{23E74E90-F14E-471D-8E94-1EFCFF92FA82}.Debug|Any CPU.Build.0 = Debug|Any CPU
		{23E74E90-F14E-471D-8E94-1EFCFF92FA82}.Release|Any CPU.ActiveCfg = Release|Any CPU
		{23E74E90-F14E-471D-8E94-1EFCFF92FA82}.Release|Any CPU.Build.0 = Release|Any CPU
		{8D5EE17E-426B-4E05-BBA0-B9FBCD3636B7}.Debug|Any CPU.ActiveCfg = Debug|Any CPU
		{8D5EE17E-426B-4E05-BBA0-B9FBCD3636B7}.Debug|Any CPU.Build.0 = Debug|Any CPU
		{8D5EE17E-426B-4E05-BBA0-B9FBCD3636B7}.Release|Any CPU.ActiveCfg = Release|Any CPU
		{8D5EE17E-426B-4E05-BBA0-B9FBCD3636B7}.Release|Any CPU.Build.0 = Release|Any CPU
		{312C59CF-E752-4EA3-A16B-4DD69111600D}.Debug|Any CPU.ActiveCfg = Debug|Any CPU
		{312C59CF-E752-4EA3-A16B-4DD69111600D}.Debug|Any CPU.Build.0 = Debug|Any CPU
		{312C59CF-E752-4EA3-A16B-4DD69111600D}.Release|Any CPU.ActiveCfg = Release|Any CPU
		{312C59CF-E752-4EA3-A16B-4DD69111600D}.Release|Any CPU.Build.0 = Release|Any CPU
		{13A0A274-584C-4648-B0E7-AF6F61703AF7}.Debug|Any CPU.ActiveCfg = Debug|Any CPU
		{13A0A274-584C-4648-B0E7-AF6F61703AF7}.Debug|Any CPU.Build.0 = Debug|Any CPU
		{13A0A274-584C-4648-B0E7-AF6F61703AF7}.Release|Any CPU.ActiveCfg = Release|Any CPU
		{13A0A274-584C-4648-B0E7-AF6F61703AF7}.Release|Any CPU.Build.0 = Release|Any CPU
		{1BE82023-3CB0-4B87-BB40-A2D06C40477F}.Debug|Any CPU.ActiveCfg = Debug|Any CPU
		{1BE82023-3CB0-4B87-BB40-A2D06C40477F}.Debug|Any CPU.Build.0 = Debug|Any CPU
		{1BE82023-3CB0-4B87-BB40-A2D06C40477F}.Release|Any CPU.ActiveCfg = Release|Any CPU
		{1BE82023-3CB0-4B87-BB40-A2D06C40477F}.Release|Any CPU.Build.0 = Release|Any CPU
		{E324B86B-94AE-40C2-971F-BA6FF425D1E0}.Debug|Any CPU.ActiveCfg = Debug|Any CPU
		{E324B86B-94AE-40C2-971F-BA6FF425D1E0}.Debug|Any CPU.Build.0 = Debug|Any CPU
		{E324B86B-94AE-40C2-971F-BA6FF425D1E0}.Release|Any CPU.ActiveCfg = Release|Any CPU
		{E324B86B-94AE-40C2-971F-BA6FF425D1E0}.Release|Any CPU.Build.0 = Release|Any CPU
		{A4A13E01-6773-49B7-9AF1-93F16D4A8A99}.Debug|Any CPU.ActiveCfg = Debug|Any CPU
		{A4A13E01-6773-49B7-9AF1-93F16D4A8A99}.Debug|Any CPU.Build.0 = Debug|Any CPU
		{A4A13E01-6773-49B7-9AF1-93F16D4A8A99}.Release|Any CPU.ActiveCfg = Release|Any CPU
		{A4A13E01-6773-49B7-9AF1-93F16D4A8A99}.Release|Any CPU.Build.0 = Release|Any CPU
		{3D9912FB-995A-420A-9173-9ECB8F12054D}.Debug|Any CPU.ActiveCfg = Debug|Any CPU
		{3D9912FB-995A-420A-9173-9ECB8F12054D}.Debug|Any CPU.Build.0 = Debug|Any CPU
		{3D9912FB-995A-420A-9173-9ECB8F12054D}.Release|Any CPU.ActiveCfg = Release|Any CPU
		{3D9912FB-995A-420A-9173-9ECB8F12054D}.Release|Any CPU.Build.0 = Release|Any CPU
		{F225C6A5-FA2E-4100-9671-8B721DCCCC88}.Debug|Any CPU.ActiveCfg = Debug|Any CPU
		{F225C6A5-FA2E-4100-9671-8B721DCCCC88}.Debug|Any CPU.Build.0 = Debug|Any CPU
		{F225C6A5-FA2E-4100-9671-8B721DCCCC88}.Release|Any CPU.ActiveCfg = Release|Any CPU
		{F225C6A5-FA2E-4100-9671-8B721DCCCC88}.Release|Any CPU.Build.0 = Release|Any CPU
		{CC0B0D48-3CC3-4ACB-8F56-ED493B3D7779}.Debug|Any CPU.ActiveCfg = Debug|Any CPU
		{CC0B0D48-3CC3-4ACB-8F56-ED493B3D7779}.Debug|Any CPU.Build.0 = Debug|Any CPU
		{CC0B0D48-3CC3-4ACB-8F56-ED493B3D7779}.Release|Any CPU.ActiveCfg = Release|Any CPU
		{CC0B0D48-3CC3-4ACB-8F56-ED493B3D7779}.Release|Any CPU.Build.0 = Release|Any CPU
		{8A328284-F541-4030-A2D4-672FE12B74C8}.Debug|Any CPU.ActiveCfg = Debug|Any CPU
		{8A328284-F541-4030-A2D4-672FE12B74C8}.Debug|Any CPU.Build.0 = Debug|Any CPU
		{8A328284-F541-4030-A2D4-672FE12B74C8}.Release|Any CPU.ActiveCfg = Release|Any CPU
		{8A328284-F541-4030-A2D4-672FE12B74C8}.Release|Any CPU.Build.0 = Release|Any CPU
	EndGlobalSection
	GlobalSection(SolutionProperties) = preSolution
		HideSolutionNode = FALSE
	EndGlobalSection
	GlobalSection(NestedProjects) = preSolution
		{6B9E9449-E2C6-49A8-99A5-1C8ACB0F7405} = {415D6FDE-1294-4DFA-BCF3-02DCE1C872FD}
		{5E13DFF7-CD36-4CD6-B3B6-FF489A9A51E7} = {415D6FDE-1294-4DFA-BCF3-02DCE1C872FD}
		{4B00E9CE-FE51-4222-ADED-755E83F0CB70} = {415D6FDE-1294-4DFA-BCF3-02DCE1C872FD}
		{128A6572-F3EE-4263-9E3B-CD46D10A9D1D} = {415D6FDE-1294-4DFA-BCF3-02DCE1C872FD}
		{8AA16203-91CA-4E3D-BEDA-0C45BC15AD1E} = {228D0E5C-B962-4E76-BD61-65714B4FFCD7}
		{31C036CC-6211-4983-A11F-F56B664DEA6E} = {228D0E5C-B962-4E76-BD61-65714B4FFCD7}
		{23E74E90-F14E-471D-8E94-1EFCFF92FA82} = {415D6FDE-1294-4DFA-BCF3-02DCE1C872FD}
		{8D5EE17E-426B-4E05-BBA0-B9FBCD3636B7} = {415D6FDE-1294-4DFA-BCF3-02DCE1C872FD}
		{312C59CF-E752-4EA3-A16B-4DD69111600D} = {228D0E5C-B962-4E76-BD61-65714B4FFCD7}
		{13A0A274-584C-4648-B0E7-AF6F61703AF7} = {66EABDC0-9445-47E9-9214-50034BA24653}
		{1BE82023-3CB0-4B87-BB40-A2D06C40477F} = {66EABDC0-9445-47E9-9214-50034BA24653}
		{E324B86B-94AE-40C2-971F-BA6FF425D1E0} = {228D0E5C-B962-4E76-BD61-65714B4FFCD7}
		{A4A13E01-6773-49B7-9AF1-93F16D4A8A99} = {228D0E5C-B962-4E76-BD61-65714B4FFCD7}
		{3D9912FB-995A-420A-9173-9ECB8F12054D} = {228D0E5C-B962-4E76-BD61-65714B4FFCD7}
		{F225C6A5-FA2E-4100-9671-8B721DCCCC88} = {228D0E5C-B962-4E76-BD61-65714B4FFCD7}
		{CC0B0D48-3CC3-4ACB-8F56-ED493B3D7779} = {F8BFE153-8C29-464A-B3FF-39ACA0C3CCD7}
		{8A328284-F541-4030-A2D4-672FE12B74C8} = {F8BFE153-8C29-464A-B3FF-39ACA0C3CCD7}
	EndGlobalSection
	GlobalSection(ExtensibilityGlobals) = postSolution
		SolutionGuid = {C8B6EA7C-A9FB-48D4-B07E-163E7DA5F41B}
	EndGlobalSection
EndGlobal
